<?xml version="1.0" encoding="utf-8"?>
<Project ToolsVersion="4.0" xmlns="http://schemas.microsoft.com/developer/msbuild/2003">
  <ItemGroup>
    <Filter Include="Source Files">
      <UniqueIdentifier>{4FC737F1-C7A5-4376-A066-2A32D752A2FF}</UniqueIdentifier>
      <Extensions>cpp;c;cc;cxx;c++;def;odl;idl;hpj;bat;asm;asmx</Extensions>
    </Filter>
    <Filter Include="Header Files">
      <UniqueIdentifier>{93995380-89BD-4b04-88EB-625FBE52EBFB}</UniqueIdentifier>
      <Extensions>h;hh;hpp;hxx;h++;hm;inl;inc;ipp;xsd</Extensions>
    </Filter>
    <Filter Include="Resource Files">
      <UniqueIdentifier>{67DA6AB6-F800-4c08-8B7A-83BB121AAD01}</UniqueIdentifier>
      <Extensions>rc;ico;cur;bmp;dlg;rc2;rct;bin;rgs;gif;jpg;jpeg;jpe;resx;tiff;tif;png;wav;mfcribbon-ms</Extensions>
    </Filter>
    <Filter Include="Source Files\Easy">
      <UniqueIdentifier>{b708f792-d3be-4d08-a6e2-6827bc2b714e}</UniqueIdentifier>
    </Filter>
    <Filter Include="Source Files\Medium">
      <UniqueIdentifier>{26758023-a3ae-4a15-9abb-680f8a9ddaa7}</UniqueIdentifier>
    </Filter>
    <Filter Include="Source Files\August Leetcoding Challenge">
      <UniqueIdentifier>{4c8a6543-57ee-4142-9880-097e903c25dd}</UniqueIdentifier>
    </Filter>
  </ItemGroup>
  <ItemGroup>
    <ClCompile Include="Easy\1480. Running Sum of 1d Array.cpp">
      <Filter>Source Files\Easy</Filter>
    </ClCompile>
    <ClCompile Include="Easy\1470. Shuffle the Array.cpp">
      <Filter>Source Files\Easy</Filter>
    </ClCompile>
    <ClCompile Include="main.cpp">
      <Filter>Source Files</Filter>
    </ClCompile>
    <ClCompile Include="Easy\1119. Remove Vowels from a String.cpp">
      <Filter>Source Files\Easy</Filter>
    </ClCompile>
    <ClCompile Include="Easy\1512. Number of Good Pairs.cpp">
      <Filter>Source Files\Easy</Filter>
    </ClCompile>
    <ClCompile Include="Medium\1481. Least Number of Unique Integers after K Removals.cpp">
      <Filter>Source Files\Medium</Filter>
    </ClCompile>
    <ClCompile Include="Medium\442. Find All Duplicates in an Array.cpp">
      <Filter>Source Files\Medium</Filter>
    </ClCompile>
    <ClCompile Include="Easy\1295. Find Numbers with Even Number of Digits.cpp">
      <Filter>Source Files\Easy</Filter>
    </ClCompile>
    <ClCompile Include="Medium\754. Reach a Number.cpp">
      <Filter>Source Files\Medium</Filter>
    </ClCompile>
    <ClCompile Include="Easy\1323. Maximum 69 Number.cpp">
      <Filter>Source Files\Easy</Filter>
    </ClCompile>
    <ClCompile Include="Easy\38. Count and Say.cpp">
      <Filter>Source Files\Easy</Filter>
    </ClCompile>
    <ClCompile Include="Easy\58. Length of Last Word.cpp">
      <Filter>Source Files\Easy</Filter>
    </ClCompile>
    <ClCompile Include="Easy\500. Keyboard Row.cpp">
      <Filter>Source Files\Easy</Filter>
    </ClCompile>
    <ClCompile Include="August Leetcoding Challenge\Excel Sheet Column Number.cpp">
      <Filter>Source Files\August Leetcoding Challenge</Filter>
    </ClCompile>
    <ClCompile Include="August Leetcoding Challenge\Detect Capital.cpp">
      <Filter>Source Files\August Leetcoding Challenge</Filter>
    </ClCompile>
  </ItemGroup>
</Project>